// !$*UTF8*$!
{
	archiveVersion = 1;
	classes = {
	};
	objectVersion = 77;
	objects = {

/* Begin PBXBuildFile section */
		4A4A67E82DAE55EE00AC8BDF /* CategoriesView.swift in Sources */ = {isa = PBXBuildFile; fileRef = 4A4A67E72DAE55EE00AC8BDF /* CategoriesView.swift */; };
		4AF8E1D72E1EB9150083F676 /* StoreKit.framework in Frameworks */ = {isa = PBXBuildFile; fileRef = 4AF8E1D62E1EB9150083F676 /* StoreKit.framework */; };
		4AF8E1D92E1FEDCA0083F676 /* StoreKitConfig.storekit in Resources */ = {isa = PBXBuildFile; fileRef = 4AF8E1D82E1FEDCA0083F676 /* StoreKitConfig.storekit */; };
/* End PBXBuildFile section */

/* Begin PBXContainerItemProxy section */
		4A4A67B42DAD0A7900AC8BDF /* PBXContainerItemProxy */ = {
			isa = PBXContainerItemProxy;
			containerPortal = 4A4A679E2DAD0A7600AC8BDF /* Project object */;
			proxyType = 1;
			remoteGlobalIDString = 4A4A67A52DAD0A7600AC8BDF;
			remoteInfo = DokuMan;
		};
		4A4A67BE2DAD0A7900AC8BDF /* PBXContainerItemProxy */ = {
			isa = PBXContainerItemProxy;
			containerPortal = 4A4A679E2DAD0A7600AC8BDF /* Project object */;
			proxyType = 1;
			remoteGlobalIDString = 4A4A67A52DAD0A7600AC8BDF;
			remoteInfo = DokuMan;
		};
/* End PBXContainerItemProxy section */

/* Begin PBXFileReference section */
		4A4A67A62DAD0A7600AC8BDF /* DokuMan.app */ = {isa = PBXFileReference; explicitFileType = wrapper.application; includeInIndex = 0; path = DokuMan.app; sourceTree = BUILT_PRODUCTS_DIR; };
		4A4A67B32DAD0A7900AC8BDF /* DokuManTests.xctest */ = {isa = PBXFileReference; explicitFileType = wrapper.cfbundle; includeInIndex = 0; path = DokuManTests.xctest; sourceTree = BUILT_PRODUCTS_DIR; };
		4A4A67BD2DAD0A7900AC8BDF /* DokuManUITests.xctest */ = {isa = PBXFileReference; explicitFileType = wrapper.cfbundle; includeInIndex = 0; path = DokuManUITests.xctest; sourceTree = BUILT_PRODUCTS_DIR; };
		4A4A67E72DAE55EE00AC8BDF /* CategoriesView.swift */ = {isa = PBXFileReference; lastKnownFileType = sourcecode.swift; path = CategoriesView.swift; sourceTree = "<group>"; };
		4AF8E1D62E1EB9150083F676 /* StoreKit.framework */ = {isa = PBXFileReference; lastKnownFileType = wrapper.framework; name = StoreKit.framework; path = System/Library/Frameworks/StoreKit.framework; sourceTree = SDKROOT; };
		4AF8E1D82E1FEDCA0083F676 /* StoreKitConfig.storekit */ = {isa = PBXFileReference; lastKnownFileType = text; path = StoreKitConfig.storekit; sourceTree = "<group>"; };
/* End PBXFileReference section */

/* Begin PBXFileSystemSynchronizedBuildFileExceptionSet section */
		4AF8E1E12E2551AF0083F676 /* Exceptions for "DokuMan" folder in "DokuMan" target */ = {
			isa = PBXFileSystemSynchronizedBuildFileExceptionSet;
			membershipExceptions = (
				Info.plist,
			);
			target = 4A4A67A52DAD0A7600AC8BDF /* DokuMan */;
		};
/* End PBXFileSystemSynchronizedBuildFileExceptionSet section */

/* Begin PBXFileSystemSynchronizedRootGroup section */
		4A4A67A82DAD0A7600AC8BDF /* DokuMan */ = {
			isa = PBXFileSystemSynchronizedRootGroup;
			exceptions = (
				4AF8E1E12E2551AF0083F676 /* Exceptions for "DokuMan" folder in "DokuMan" target */,
			);
			path = DokuMan;
			sourceTree = "<group>";
		};
		4A4A67B62DAD0A7900AC8BDF /* DokuManTests */ = {
			isa = PBXFileSystemSynchronizedRootGroup;
			path = DokuManTests;
			sourceTree = "<group>";
		};
		4A4A67C02DAD0A7900AC8BDF /* DokuManUITests */ = {
			isa = PBXFileSystemSynchronizedRootGroup;
			path = DokuManUITests;
			sourceTree = "<group>";
		};
/* End PBXFileSystemSynchronizedRootGroup section */

/* Begin PBXFrameworksBuildPhase section */
		4A4A67A32DAD0A7600AC8BDF /* Frameworks */ = {
			isa = PBXFrameworksBuildPhase;
			buildActionMask = 2147483647;
			files = (
				4AF8E1D72E1EB9150083F676 /* StoreKit.framework in Frameworks */,
			);
			runOnlyForDeploymentPostprocessing = 0;
		};
		4A4A67B02DAD0A7900AC8BDF /* Frameworks */ = {
			isa = PBXFrameworksBuildPhase;
			buildActionMask = 2147483647;
			files = (
			);
			runOnlyForDeploymentPostprocessing = 0;
		};
		4A4A67BA2DAD0A7900AC8BDF /* Frameworks */ = {
			isa = PBXFrameworksBuildPhase;
			buildActionMask = 2147483647;
			files = (
			);
			runOnlyForDeploymentPostprocessing = 0;
		};
/* End PBXFrameworksBuildPhase section */

/* Begin PBXGroup section */
		4A4A679D2DAD0A7600AC8BDF = {
			isa = PBXGroup;
			children = (
				4A4A67E72DAE55EE00AC8BDF /* CategoriesView.swift */,
				4AF8E1D82E1FEDCA0083F676 /* StoreKitConfig.storekit */,
				4A4A67A82DAD0A7600AC8BDF /* DokuMan */,
				4A4A67B62DAD0A7900AC8BDF /* DokuManTests */,
				4A4A67C02DAD0A7900AC8BDF /* DokuManUITests */,
				4AF8E1D52E1EB9150083F676 /* Frameworks */,
				4A4A67A72DAD0A7600AC8BDF /* Products */,
			);
			sourceTree = "<group>";
		};
		4A4A67A72DAD0A7600AC8BDF /* Products */ = {
			isa = PBXGroup;
			children = (
				4A4A67A62DAD0A7600AC8BDF /* DokuMan.app */,
				4A4A67B32DAD0A7900AC8BDF /* DokuManTests.xctest */,
				4A4A67BD2DAD0A7900AC8BDF /* DokuManUITests.xctest */,
			);
			name = Products;
			sourceTree = "<group>";
		};
		4AF8E1D52E1EB9150083F676 /* Frameworks */ = {
			isa = PBXGroup;
			children = (
				4AF8E1D62E1EB9150083F676 /* StoreKit.framework */,
			);
			name = Frameworks;
			sourceTree = "<group>";
		};
/* End PBXGroup section */

/* Begin PBXNativeTarget section */
		4A4A67A52DAD0A7600AC8BDF /* DokuMan */ = {
			isa = PBXNativeTarget;
			buildConfigurationList = 4A4A67C72DAD0A7900AC8BDF /* Build configuration list for PBXNativeTarget "DokuMan" */;
			buildPhases = (
				4A4A67A22DAD0A7600AC8BDF /* Sources */,
				4A4A67A32DAD0A7600AC8BDF /* Frameworks */,
				4A4A67A42DAD0A7600AC8BDF /* Resources */,
			);
			buildRules = (
			);
			dependencies = (
			);
			fileSystemSynchronizedGroups = (
				4A4A67A82DAD0A7600AC8BDF /* DokuMan */,
			);
			name = DokuMan;
			packageProductDependencies = (
			);
			productName = DokuMan;
			productReference = 4A4A67A62DAD0A7600AC8BDF /* DokuMan.app */;
			productType = "com.apple.product-type.application";
		};
		4A4A67B22DAD0A7900AC8BDF /* DokuManTests */ = {
			isa = PBXNativeTarget;
			buildConfigurationList = 4A4A67CA2DAD0A7900AC8BDF /* Build configuration list for PBXNativeTarget "DokuManTests" */;
			buildPhases = (
				4A4A67AF2DAD0A7900AC8BDF /* Sources */,
				4A4A67B02DAD0A7900AC8BDF /* Frameworks */,
				4A4A67B12DAD0A7900AC8BDF /* Resources */,
			);
			buildRules = (
			);
			dependencies = (
				4A4A67B52DAD0A7900AC8BDF /* PBXTargetDependency */,
			);
			fileSystemSynchronizedGroups = (
				4A4A67B62DAD0A7900AC8BDF /* DokuManTests */,
			);
			name = DokuManTests;
			packageProductDependencies = (
			);
			productName = DokuManTests;
			productReference = 4A4A67B32DAD0A7900AC8BDF /* DokuManTests.xctest */;
			productType = "com.apple.product-type.bundle.unit-test";
		};
		4A4A67BC2DAD0A7900AC8BDF /* DokuManUITests */ = {
			isa = PBXNativeTarget;
			buildConfigurationList = 4A4A67CD2DAD0A7900AC8BDF /* Build configuration list for PBXNativeTarget "DokuManUITests" */;
			buildPhases = (
				4A4A67B92DAD0A7900AC8BDF /* Sources */,
				4A4A67BA2DAD0A7900AC8BDF /* Frameworks */,
				4A4A67BB2DAD0A7900AC8BDF /* Resources */,
			);
			buildRules = (
			);
			dependencies = (
				4A4A67BF2DAD0A7900AC8BDF /* PBXTargetDependency */,
			);
			fileSystemSynchronizedGroups = (
				4A4A67C02DAD0A7900AC8BDF /* DokuManUITests */,
			);
			name = DokuManUITests;
			packageProductDependencies = (
			);
			productName = DokuManUITests;
			productReference = 4A4A67BD2DAD0A7900AC8BDF /* DokuManUITests.xctest */;
			productType = "com.apple.product-type.bundle.ui-testing";
		};
/* End PBXNativeTarget section */

/* Begin PBXProject section */
		4A4A679E2DAD0A7600AC8BDF /* Project object */ = {
			isa = PBXProject;
			attributes = {
				BuildIndependentTargetsInParallel = 1;
				LastSwiftUpdateCheck = 1630;
				LastUpgradeCheck = 1630;
				TargetAttributes = {
					4A4A67A52DAD0A7600AC8BDF = {
						CreatedOnToolsVersion = 16.3;
					};
					4A4A67B22DAD0A7900AC8BDF = {
						CreatedOnToolsVersion = 16.3;
						TestTargetID = 4A4A67A52DAD0A7600AC8BDF;
					};
					4A4A67BC2DAD0A7900AC8BDF = {
						CreatedOnToolsVersion = 16.3;
						TestTargetID = 4A4A67A52DAD0A7600AC8BDF;
					};
				};
			};
			buildConfigurationList = 4A4A67A12DAD0A7600AC8BDF /* Build configuration list for PBXProject "DokuMan" */;
			developmentRegion = en;
			hasScannedForEncodings = 0;
			knownRegions = (
				en,
				Base,
				de,
			);
			mainGroup = 4A4A679D2DAD0A7600AC8BDF;
			minimizedProjectReferenceProxies = 1;
			preferredProjectObjectVersion = 77;
			productRefGroup = 4A4A67A72DAD0A7600AC8BDF /* Products */;
			projectDirPath = "";
			projectRoot = "";
			targets = (
				4A4A67A52DAD0A7600AC8BDF /* DokuMan */,
				4A4A67B22DAD0A7900AC8BDF /* DokuManTests */,
				4A4A67BC2DAD0A7900AC8BDF /* DokuManUITests */,
			);
		};
/* End PBXProject section */

/* Begin PBXResourcesBuildPhase section */
		4A4A67A42DAD0A7600AC8BDF /* Resources */ = {
			isa = PBXResourcesBuildPhase;
			buildActionMask = 2147483647;
			files = (
				4AF8E1D92E1FEDCA0083F676 /* StoreKitConfig.storekit in Resources */,
			);
			runOnlyForDeploymentPostprocessing = 0;
		};
		4A4A67B12DAD0A7900AC8BDF /* Resources */ = {
			isa = PBXResourcesBuildPhase;
			buildActionMask = 2147483647;
			files = (
			);
			runOnlyForDeploymentPostprocessing = 0;
		};
		4A4A67BB2DAD0A7900AC8BDF /* Resources */ = {
			isa = PBXResourcesBuildPhase;
			buildActionMask = 2147483647;
			files = (
			);
			runOnlyForDeploymentPostprocessing = 0;
		};
/* End PBXResourcesBuildPhase section */

/* Begin PBXSourcesBuildPhase section */
		4A4A67A22DAD0A7600AC8BDF /* Sources */ = {
			isa = PBXSourcesBuildPhase;
			buildActionMask = 2147483647;
			files = (
				4A4A67E82DAE55EE00AC8BDF /* CategoriesView.swift in Sources */,
			);
			runOnlyForDeploymentPostprocessing = 0;
		};
		4A4A67AF2DAD0A7900AC8BDF /* Sources */ = {
			isa = PBXSourcesBuildPhase;
			buildActionMask = 2147483647;
			files = (
			);
			runOnlyForDeploymentPostprocessing = 0;
		};
		4A4A67B92DAD0A7900AC8BDF /* Sources */ = {
			isa = PBXSourcesBuildPhase;
			buildActionMask = 2147483647;
			files = (
			);
			runOnlyForDeploymentPostprocessing = 0;
		};
/* End PBXSourcesBuildPhase section */

/* Begin PBXTargetDependency section */
		4A4A67B52DAD0A7900AC8BDF /* PBXTargetDependency */ = {
			isa = PBXTargetDependency;
			target = 4A4A67A52DAD0A7600AC8BDF /* DokuMan */;
			targetProxy = 4A4A67B42DAD0A7900AC8BDF /* PBXContainerItemProxy */;
		};
		4A4A67BF2DAD0A7900AC8BDF /* PBXTargetDependency */ = {
			isa = PBXTargetDependency;
			target = 4A4A67A52DAD0A7600AC8BDF /* DokuMan */;
			targetProxy = 4A4A67BE2DAD0A7900AC8BDF /* PBXContainerItemProxy */;
		};
/* End PBXTargetDependency section */

/* Begin XCBuildConfiguration section */
		4A4A67C52DAD0A7900AC8BDF /* Debug */ = {
			isa = XCBuildConfiguration;
			buildSettings = {
				ALWAYS_SEARCH_USER_PATHS = NO;
				ASSETCATALOG_COMPILER_GENERATE_SWIFT_ASSET_SYMBOL_EXTENSIONS = YES;
				CLANG_ANALYZER_NONNULL = YES;
				CLANG_ANALYZER_NUMBER_OBJECT_CONVERSION = YES_AGGRESSIVE;
				CLANG_CXX_LANGUAGE_STANDARD = "gnu++20";
				CLANG_ENABLE_MODULES = YES;
				CLANG_ENABLE_OBJC_ARC = YES;
				CLANG_ENABLE_OBJC_WEAK = YES;
				CLANG_WARN_BLOCK_CAPTURE_AUTORELEASING = YES;
				CLANG_WARN_BOOL_CONVERSION = YES;
				CLANG_WARN_COMMA = YES;
				CLANG_WARN_CONSTANT_CONVERSION = YES;
				CLANG_WARN_DEPRECATED_OBJC_IMPLEMENTATIONS = YES;
				CLANG_WARN_DIRECT_OBJC_ISA_USAGE = YES_ERROR;
				CLANG_WARN_DOCUMENTATION_COMMENTS = YES;
				CLANG_WARN_EMPTY_BODY = YES;
				CLANG_WARN_ENUM_CONVERSION = YES;
				CLANG_WARN_INFINITE_RECURSION = YES;
				CLANG_WARN_INT_CONVERSION = YES;
				CLANG_WARN_NON_LITERAL_NULL_CONVERSION = YES;
				CLANG_WARN_OBJC_IMPLICIT_RETAIN_SELF = YES;
				CLANG_WARN_OBJC_LITERAL_CONVERSION = YES;
				CLANG_WARN_OBJC_ROOT_CLASS = YES_ERROR;
				CLANG_WARN_QUOTED_INCLUDE_IN_FRAMEWORK_HEADER = YES;
				CLANG_WARN_RANGE_LOOP_ANALYSIS = YES;
				CLANG_WARN_STRICT_PROTOTYPES = YES;
				CLANG_WARN_SUSPICIOUS_MOVE = YES;
				CLANG_WARN_UNGUARDED_AVAILABILITY = YES_AGGRESSIVE;
				CLANG_WARN_UNREACHABLE_CODE = YES;
				CLANG_WARN__DUPLICATE_METHOD_MATCH = YES;
				COPY_PHASE_STRIP = NO;
				DEBUG_INFORMATION_FORMAT = dwarf;
				DEVELOPMENT_TEAM = MY555LRB32;
				ENABLE_STRICT_OBJC_MSGSEND = YES;
				ENABLE_TESTABILITY = YES;
				ENABLE_USER_SCRIPT_SANDBOXING = YES;
				GCC_C_LANGUAGE_STANDARD = gnu17;
				GCC_DYNAMIC_NO_PIC = NO;
				GCC_NO_COMMON_BLOCKS = YES;
				GCC_OPTIMIZATION_LEVEL = 0;
				GCC_PREPROCESSOR_DEFINITIONS = (
					"DEBUG=1",
					"$(inherited)",
				);
				GCC_WARN_64_TO_32_BIT_CONVERSION = YES;
				GCC_WARN_ABOUT_RETURN_TYPE = YES_ERROR;
				GCC_WARN_UNDECLARED_SELECTOR = YES;
				GCC_WARN_UNINITIALIZED_AUTOS = YES_AGGRESSIVE;
				GCC_WARN_UNUSED_FUNCTION = YES;
				GCC_WARN_UNUSED_VARIABLE = YES;
				IPHONEOS_DEPLOYMENT_TARGET = 18.4;
				LOCALIZATION_PREFERS_STRING_CATALOGS = YES;
				MTL_ENABLE_DEBUG_INFO = INCLUDE_SOURCE;
				MTL_FAST_MATH = YES;
				ONLY_ACTIVE_ARCH = YES;
				SDKROOT = iphoneos;
				SWIFT_ACTIVE_COMPILATION_CONDITIONS = "DEBUG $(inherited)";
				SWIFT_OPTIMIZATION_LEVEL = "-Onone";
			};
			name = Debug;
		};
		4A4A67C62DAD0A7900AC8BDF /* Release */ = {
			isa = XCBuildConfiguration;
			buildSettings = {
				ALWAYS_SEARCH_USER_PATHS = NO;
				ASSETCATALOG_COMPILER_GENERATE_SWIFT_ASSET_SYMBOL_EXTENSIONS = YES;
				CLANG_ANALYZER_NONNULL = YES;
				CLANG_ANALYZER_NUMBER_OBJECT_CONVERSION = YES_AGGRESSIVE;
				CLANG_CXX_LANGUAGE_STANDARD = "gnu++20";
				CLANG_ENABLE_MODULES = YES;
				CLANG_ENABLE_OBJC_ARC = YES;
				CLANG_ENABLE_OBJC_WEAK = YES;
				CLANG_WARN_BLOCK_CAPTURE_AUTORELEASING = YES;
				CLANG_WARN_BOOL_CONVERSION = YES;
				CLANG_WARN_COMMA = YES;
				CLANG_WARN_CONSTANT_CONVERSION = YES;
				CLANG_WARN_DEPRECATED_OBJC_IMPLEMENTATIONS = YES;
				CLANG_WARN_DIRECT_OBJC_ISA_USAGE = YES_ERROR;
				CLANG_WARN_DOCUMENTATION_COMMENTS = YES;
				CLANG_WARN_EMPTY_BODY = YES;
				CLANG_WARN_ENUM_CONVERSION = YES;
				CLANG_WARN_INFINITE_RECURSION = YES;
				CLANG_WARN_INT_CONVERSION = YES;
				CLANG_WARN_NON_LITERAL_NULL_CONVERSION = YES;
				CLANG_WARN_OBJC_IMPLICIT_RETAIN_SELF = YES;
				CLANG_WARN_OBJC_LITERAL_CONVERSION = YES;
				CLANG_WARN_OBJC_ROOT_CLASS = YES_ERROR;
				CLANG_WARN_QUOTED_INCLUDE_IN_FRAMEWORK_HEADER = YES;
				CLANG_WARN_RANGE_LOOP_ANALYSIS = YES;
				CLANG_WARN_STRICT_PROTOTYPES = YES;
				CLANG_WARN_SUSPICIOUS_MOVE = YES;
				CLANG_WARN_UNGUARDED_AVAILABILITY = YES_AGGRESSIVE;
				CLANG_WARN_UNREACHABLE_CODE = YES;
				CLANG_WARN__DUPLICATE_METHOD_MATCH = YES;
				COPY_PHASE_STRIP = NO;
				DEBUG_INFORMATION_FORMAT = "dwarf-with-dsym";
				DEVELOPMENT_TEAM = MY555LRB32;
				ENABLE_NS_ASSERTIONS = NO;
				ENABLE_STRICT_OBJC_MSGSEND = YES;
				ENABLE_USER_SCRIPT_SANDBOXING = YES;
				GCC_C_LANGUAGE_STANDARD = gnu17;
				GCC_NO_COMMON_BLOCKS = YES;
				GCC_WARN_64_TO_32_BIT_CONVERSION = YES;
				GCC_WARN_ABOUT_RETURN_TYPE = YES_ERROR;
				GCC_WARN_UNDECLARED_SELECTOR = YES;
				GCC_WARN_UNINITIALIZED_AUTOS = YES_AGGRESSIVE;
				GCC_WARN_UNUSED_FUNCTION = YES;
				GCC_WARN_UNUSED_VARIABLE = YES;
				IPHONEOS_DEPLOYMENT_TARGET = 18.4;
				LOCALIZATION_PREFERS_STRING_CATALOGS = YES;
				MTL_ENABLE_DEBUG_INFO = NO;
				MTL_FAST_MATH = YES;
				SDKROOT = iphoneos;
				SWIFT_COMPILATION_MODE = wholemodule;
				VALIDATE_PRODUCT = YES;
			};
			name = Release;
		};
		4A4A67C82DAD0A7900AC8BDF /* Debug */ = {
			isa = XCBuildConfiguration;
			buildSettings = {
				ASSETCATALOG_COMPILER_APPICON_NAME = AppIcon;
				ASSETCATALOG_COMPILER_GLOBAL_ACCENT_COLOR_NAME = AccentColor;
				CODE_SIGN_STYLE = Automatic;
				CURRENT_PROJECT_VERSION = 1;
				DEVELOPMENT_TEAM = MY555LRB32;
				ENABLE_PREVIEWS = YES;
				GENERATE_INFOPLIST_FILE = YES;
				INFOPLIST_FILE = DokuMan/Info.plist;
				INFOPLIST_KEY_LSApplicationCategoryType = "public.app-category.productivity";
				INFOPLIST_KEY_NSCameraUsageDescription = "To let you add documents from your photo library.\n";
				INFOPLIST_KEY_NSFaceIDUsageDescription = "Used to unlock the app and protect your documents.\nUsed to unlock the app and protect your documents.\n";
				INFOPLIST_KEY_NSFileProviderDomainUsageDescription = "To access and import your files into DokuMan.\n";
				INFOPLIST_KEY_NSPhotoLibraryUsageDescription = "To let you add documents from your photo library.\n";
				INFOPLIST_KEY_UIApplicationSceneManifest_Generation = YES;
				INFOPLIST_KEY_UIApplicationSupportsIndirectInputEvents = YES;
				INFOPLIST_KEY_UILaunchScreen_Generation = YES;
				INFOPLIST_KEY_UISupportedInterfaceOrientations = UIInterfaceOrientationPortrait;
				INFOPLIST_KEY_UISupportedInterfaceOrientations_iPad = "UIInterfaceOrientationLandscapeLeft UIInterfaceOrientationLandscapeRight UIInterfaceOrientationPortrait UIInterfaceOrientationPortraitUpsideDown";
				IPHONEOS_DEPLOYMENT_TARGET = 26;
				LD_RUNPATH_SEARCH_PATHS = (
					"$(inherited)",
					"@executable_path/Frameworks",
				);
				MARKETING_VERSION = 1.0;
				PRODUCT_BUNDLE_IDENTIFIER = MirnijAtom.DokuMan;
				PRODUCT_NAME = "$(TARGET_NAME)";
				SWIFT_EMIT_LOC_STRINGS = YES;
				SWIFT_VERSION = 6.0;
				TARGETED_DEVICE_FAMILY = "1,2";
			};
			name = Debug;
		};
		4A4A67C92DAD0A7900AC8BDF /* Release */ = {
			isa = XCBuildConfiguration;
			buildSettings = {
				ASSETCATALOG_COMPILER_APPICON_NAME = AppIcon;
				ASSETCATALOG_COMPILER_GLOBAL_ACCENT_COLOR_NAME = AccentColor;
				CODE_SIGN_STYLE = Automatic;
				CURRENT_PROJECT_VERSION = 1;
				DEVELOPMENT_TEAM = MY555LRB32;
				ENABLE_PREVIEWS = YES;
				GENERATE_INFOPLIST_FILE = YES;
				INFOPLIST_FILE = DokuMan/Info.plist;
				INFOPLIST_KEY_LSApplicationCategoryType = "public.app-category.productivity";
				INFOPLIST_KEY_NSCameraUsageDescription = "To let you add documents from your photo library.\n";
				INFOPLIST_KEY_NSFaceIDUsageDescription = "Used to unlock the app and protect your documents.\nUsed to unlock the app and protect your documents.\n";
				INFOPLIST_KEY_NSFileProviderDomainUsageDescription = "To access and import your files into DokuMan.\n";
				INFOPLIST_KEY_NSPhotoLibraryUsageDescription = "To let you add documents from your photo library.\n";
				INFOPLIST_KEY_UIApplicationSceneManifest_Generation = YES;
				INFOPLIST_KEY_UIApplicationSupportsIndirectInputEvents = YES;
				INFOPLIST_KEY_UILaunchScreen_Generation = YES;
				INFOPLIST_KEY_UISupportedInterfaceOrientations = UIInterfaceOrientationPortrait;
				INFOPLIST_KEY_UISupportedInterfaceOrientations_iPad = "UIInterfaceOrientationLandscapeLeft UIInterfaceOrientationLandscapeRight UIInterfaceOrientationPortrait UIInterfaceOrientationPortraitUpsideDown";
				IPHONEOS_DEPLOYMENT_TARGET = 18.4;
				LD_RUNPATH_SEARCH_PATHS = (
					"$(inherited)",
					"@executable_path/Frameworks",
				);
				MARKETING_VERSION = 1.0;
				PRODUCT_BUNDLE_IDENTIFIER = MirnijAtom.DokuMan;
				PRODUCT_NAME = "$(TARGET_NAME)";
				SWIFT_EMIT_LOC_STRINGS = YES;
				SWIFT_VERSION = 6.0;
				TARGETED_DEVICE_FAMILY = "1,2";
			};
			name = Release;
		};
		4A4A67CB2DAD0A7900AC8BDF /* Debug */ = {
			isa = XCBuildConfiguration;
			buildSettings = {
				BUNDLE_LOADER = "$(TEST_HOST)";
				CODE_SIGN_STYLE = Automatic;
				CURRENT_PROJECT_VERSION = 1;
				DEVELOPMENT_TEAM = MY555LRB32;
				GENERATE_INFOPLIST_FILE = YES;
				IPHONEOS_DEPLOYMENT_TARGET = 18.4;
				MARKETING_VERSION = 1.0;
				PRODUCT_BUNDLE_IDENTIFIER = MirnijAtom.DokuManTests;
				PRODUCT_NAME = "$(TARGET_NAME)";
				SWIFT_EMIT_LOC_STRINGS = NO;
				SWIFT_VERSION = 6.0;
				TARGETED_DEVICE_FAMILY = "1,2";
				TEST_HOST = "$(BUILT_PRODUCTS_DIR)/DokuMan.app/$(BUNDLE_EXECUTABLE_FOLDER_PATH)/DokuMan";
			};
			name = Debug;
		};
		4A4A67CC2DAD0A7900AC8BDF /* Release */ = {
			isa = XCBuildConfiguration;
			buildSettings = {
				BUNDLE_LOADER = "$(TEST_HOST)";
				CODE_SIGN_STYLE = Automatic;
				CURRENT_PROJECT_VERSION = 1;
				DEVELOPMENT_TEAM = MY555LRB32;
				GENERATE_INFOPLIST_FILE = YES;
				IPHONEOS_DEPLOYMENT_TARGET = 18.4;
				MARKETING_VERSION = 1.0;
				PRODUCT_BUNDLE_IDENTIFIER = MirnijAtom.DokuManTests;
				PRODUCT_NAME = "$(TARGET_NAME)";
				SWIFT_EMIT_LOC_STRINGS = NO;
				SWIFT_VERSION = 6.0;
				TARGETED_DEVICE_FAMILY = "1,2";
				TEST_HOST = "$(BUILT_PRODUCTS_DIR)/DokuMan.app/$(BUNDLE_EXECUTABLE_FOLDER_PATH)/DokuMan";
			};
			name = Release;
		};
		4A4A67CE2DAD0A7900AC8BDF /* Debug */ = {
			isa = XCBuildConfiguration;
			buildSettings = {
				CODE_SIGN_STYLE = Automatic;
				CURRENT_PROJECT_VERSION = 1;
				DEVELOPMENT_TEAM = MY555LRB32;
				GENERATE_INFOPLIST_FILE = YES;
				MARKETING_VERSION = 1.0;
				PRODUCT_BUNDLE_IDENTIFIER = MirnijAtom.DokuManUITests;
				PRODUCT_NAME = "$(TARGET_NAME)";
				SWIFT_EMIT_LOC_STRINGS = NO;
				SWIFT_VERSION = 6.0;
				TARGETED_DEVICE_FAMILY = "1,2";
				TEST_TARGET_NAME = DokuMan;
			};
			name = Debug;
		};
		4A4A67CF2DAD0A7900AC8BDF /* Release */ = {
			isa = XCBuildConfiguration;
			buildSettings = {
				CODE_SIGN_STYLE = Automatic;
				CURRENT_PROJECT_VERSION = 1;
				DEVELOPMENT_TEAM = MY555LRB32;
				GENERATE_INFOPLIST_FILE = YES;
				MARKETING_VERSION = 1.0;
				PRODUCT_BUNDLE_IDENTIFIER = MirnijAtom.DokuManUITests;
				PRODUCT_NAME = "$(TARGET_NAME)";
				SWIFT_EMIT_LOC_STRINGS = NO;
				SWIFT_VERSION = 6.0;
				TARGETED_DEVICE_FAMILY = "1,2";
				TEST_TARGET_NAME = DokuMan;
			};
			name = Release;
		};
/* End XCBuildConfiguration section */

/* Begin XCConfigurationList section */
		4A4A67A12DAD0A7600AC8BDF /* Build configuration list for PBXProject "DokuMan" */ = {
			isa = XCConfigurationList;
			buildConfigurations = (
				4A4A67C52DAD0A7900AC8BDF /* Debug */,
				4A4A67C62DAD0A7900AC8BDF /* Release */,
			);
			defaultConfigurationIsVisible = 0;
			defaultConfigurationName = Release;
		};
		4A4A67C72DAD0A7900AC8BDF /* Build configuration list for PBXNativeTarget "DokuMan" */ = {
			isa = XCConfigurationList;
			buildConfigurations = (
				4A4A67C82DAD0A7900AC8BDF /* Debug */,
				4A4A67C92DAD0A7900AC8BDF /* Release */,
			);
			defaultConfigurationIsVisible = 0;
			defaultConfigurationName = Release;
		};
		4A4A67CA2DAD0A7900AC8BDF /* Build configuration list for PBXNativeTarget "DokuManTests" */ = {
			isa = XCConfigurationList;
			buildConfigurations = (
				4A4A67CB2DAD0A7900AC8BDF /* Debug */,
				4A4A67CC2DAD0A7900AC8BDF /* Release */,
			);
			defaultConfigurationIsVisible = 0;
			defaultConfigurationName = Release;
		};
		4A4A67CD2DAD0A7900AC8BDF /* Build configuration list for PBXNativeTarget "DokuManUITests" */ = {
			isa = XCConfigurationList;
			buildConfigurations = (
				4A4A67CE2DAD0A7900AC8BDF /* Debug */,
				4A4A67CF2DAD0A7900AC8BDF /* Release */,
			);
			defaultConfigurationIsVisible = 0;
			defaultConfigurationName = Release;
		};
/* End XCConfigurationList section */
	};
	rootObject = 4A4A679E2DAD0A7600AC8BDF /* Project object */;
}
