<?xml version="1.0" encoding="UTF-8"?>
<Scheme
   LastUpgradeVersion = "1640"
   version = "1.7">
   <BuildAction
      parallelizeBuildables = "YES"
      buildImplicitDependencies = "YES"
      buildArchitectures = "Automatic">
      <BuildActionEntries>
         <BuildActionEntry
            buildForTesting = "YES"
            buildForRunning = "YES"
            buildForProfiling = "YES"
            buildForArchiving = "YES"
            buildForAnalyzing = "YES">
            <BuildableReference
               BuildableIdentifier = "primary"
               BlueprintIdentifier = "4A4A67A52DAD0A7600AC8BDF"
               BuildableName = "DokuMan.app"
               BlueprintName = "DokuMan"
               ReferencedContainer = "container:DokuMan.xcodeproj">
            </BuildableReference>
         </BuildActionEntry>
      </BuildActionEntries>
   </BuildAction>
   <TestAction
      buildConfiguration = "Debug"
      selectedDebuggerIdentifier = "Xcode.DebuggerFoundation.Debugger.LLDB"
      selectedLauncherIdentifier = "Xcode.DebuggerFoundation.Launcher.LLDB"
      shouldUseLaunchSchemeArgsEnv = "YES"
      shouldAutocreateTestPlan = "YES">
      <Testables>
         <TestableReference
            skipped = "NO"
            parallelizable = "YES">
            <BuildableReference
               BuildableIdentifier = "primary"
               BlueprintIdentifier = "4A4A67B22DAD0A7900AC8BDF"
               BuildableName = "DokuManTests.xctest"
               BlueprintName = "DokuManTests"
               ReferencedContainer = "container:DokuMan.xcodeproj">
            </BuildableReference>
         </TestableReference>
         <TestableReference
            skipped = "NO"
            parallelizable = "YES">
            <BuildableReference
               BuildableIdentifier = "primary"
               BlueprintIdentifier = "4A4A67BC2DAD0A7900AC8BDF"
               BuildableName = "DokuManUITests.xctest"
               BlueprintName = "DokuManUITests"
               ReferencedContainer = "container:DokuMan.xcodeproj">
            </BuildableReference>
         </TestableReference>
      </Testables>
   </TestAction>
   <LaunchAction
      buildConfiguration = "Debug"
      selectedDebuggerIdentifier = "Xcode.DebuggerFoundation.Debugger.LLDB"
      selectedLauncherIdentifier = "Xcode.DebuggerFoundation.Launcher.LLDB"
      launchStyle = "0"
      useCustomWorkingDirectory = "NO"
      ignoresPersistentStateOnLaunch = "NO"
      debugDocumentVersioning = "YES"
      debugServiceExtension = "internal"
      allowLocationSimulation = "YES">
      <BuildableProductRunnable
         runnableDebuggingMode = "0">
         <BuildableReference
            BuildableIdentifier = "primary"
            BlueprintIdentifier = "4A4A67A52DAD0A7600AC8BDF"
            BuildableName = "DokuMan.app"
            BlueprintName = "DokuMan"
            ReferencedContainer = "container:DokuMan.xcodeproj">
         </BuildableReference>
      </BuildableProductRunnable>
      <StoreKitConfigurationFileReference
         identifier = "../../StoreKitConfig.storekit">
      </StoreKitConfigurationFileReference>
   </LaunchAction>
   <ProfileAction
      buildConfiguration = "Release"
      shouldUseLaunchSchemeArgsEnv = "YES"
      savedToolIdentifier = ""
      useCustomWorkingDirectory = "NO"
      debugDocumentVersioning = "YES">
      <BuildableProductRunnable
         runnableDebuggingMode = "0">
         <BuildableReference
            BuildableIdentifier = "primary"
            BlueprintIdentifier = "4A4A67A52DAD0A7600AC8BDF"
            BuildableName = "DokuMan.app"
            BlueprintName = "DokuMan"
            ReferencedContainer = "container:DokuMan.xcodeproj">
         </BuildableReference>
      </BuildableProductRunnable>
   </ProfileAction>
   <AnalyzeAction
      buildConfiguration = "Debug">
   </AnalyzeAction>
   <ArchiveAction
      buildConfiguration = "Release"
      revealArchiveInOrganizer = "YES">
   </ArchiveAction>
</Scheme>
